
Microsoft Visual Studio Solution File, Format Version 12.00
# Visual Studio 15
VisualStudioVersion = 15.0.28307.539
MinimumVisualStudioVersion = 10.0.40219.1
Project("{FAE04EC0-301F-11D3-BF4B-00C04F79EFBC}") = "ControlesPersonalizados.Android", "ControlesPersonalizados\ControlesPersonalizados.Android\ControlesPersonalizados.Android.csproj", "{2DADF150-B7B7-4D1A-A60C-90DB0569CBA5}"
EndProject
Project("{FAE04EC0-301F-11D3-BF4B-00C04F79EFBC}") = "ControlesPersonalizados.iOS", "ControlesPersonalizados\ControlesPersonalizados.iOS\ControlesPersonalizados.iOS.csproj", "{E2BC7CCB-6724-4338-B04B-9C8A5E4C6A68}"
EndProject
Project("{FAE04EC0-301F-11D3-BF4B-00C04F79EFBC}") = "ControlesPersonalizados", "ControlesPersonalizados\ControlesPersonalizados\ControlesPersonalizados.csproj", "{0C99B79C-4101-454F-8014-54CE14D868BE}"
EndProject
Global
	GlobalSection(SolutionConfigurationPlatforms) = preSolution
		Ad-Hoc|Any CPU = Ad-Hoc|Any CPU
		Ad-Hoc|iPhone = Ad-Hoc|iPhone
		Ad-Hoc|iPhoneSimulator = Ad-Hoc|iPhoneSimulator
		AppStore|Any CPU = AppStore|Any CPU
		AppStore|iPhone = AppStore|iPhone
		AppStore|iPhoneSimulator = AppStore|iPhoneSimulator
		Debug|Any CPU = Debug|Any CPU
		Debug|iPhone = Debug|iPhone
		Debug|iPhoneSimulator = Debug|iPhoneSimulator
		Release|Any CPU = Release|Any CPU
		Release|iPhone = Release|iPhone
		Release|iPhoneSimulator = Release|iPhoneSimulator
	EndGlobalSection
	GlobalSection(ProjectConfigurationPlatforms) = postSolution
		{2DADF150-B7B7-4D1A-A60C-90DB0569CBA5}.Ad-Hoc|Any CPU.ActiveCfg = Release|Any CPU
		{2DADF150-B7B7-4D1A-A60C-90DB0569CBA5}.Ad-Hoc|Any CPU.Build.0 = Release|Any CPU
		{2DADF150-B7B7-4D1A-A60C-90DB0569CBA5}.Ad-Hoc|Any CPU.Deploy.0 = Release|Any CPU
		{2DADF150-B7B7-4D1A-A60C-90DB0569CBA5}.Ad-Hoc|iPhone.ActiveCfg = Release|Any CPU
		{2DADF150-B7B7-4D1A-A60C-90DB0569CBA5}.Ad-Hoc|iPhone.Build.0 = Release|Any CPU
		{2DADF150-B7B7-4D1A-A60C-90DB0569CBA5}.Ad-Hoc|iPhone.Deploy.0 = Release|Any CPU
		{2DADF150-B7B7-4D1A-A60C-90DB0569CBA5}.Ad-Hoc|iPhoneSimulator.ActiveCfg = Release|Any CPU
		{2DADF150-B7B7-4D1A-A60C-90DB0569CBA5}.Ad-Hoc|iPhoneSimulator.Build.0 = Release|Any CPU
		{2DADF150-B7B7-4D1A-A60C-90DB0569CBA5}.Ad-Hoc|iPhoneSimulator.Deploy.0 = Release|Any CPU
		{2DADF150-B7B7-4D1A-A60C-90DB0569CBA5}.AppStore|Any CPU.ActiveCfg = Release|Any CPU
		{2DADF150-B7B7-4D1A-A60C-90DB0569CBA5}.AppStore|Any CPU.Build.0 = Release|Any CPU
		{2DADF150-B7B7-4D1A-A60C-90DB0569CBA5}.AppStore|Any CPU.Deploy.0 = Release|Any CPU
		{2DADF150-B7B7-4D1A-A60C-90DB0569CBA5}.AppStore|iPhone.ActiveCfg = Release|Any CPU
		{2DADF150-B7B7-4D1A-A60C-90DB0569CBA5}.AppStore|iPhone.Build.0 = Release|Any CPU
		{2DADF150-B7B7-4D1A-A60C-90DB0569CBA5}.AppStore|iPhone.Deploy.0 = Release|Any CPU
		{2DADF150-B7B7-4D1A-A60C-90DB0569CBA5}.AppStore|iPhoneSimulator.ActiveCfg = Release|Any CPU
		{2DADF150-B7B7-4D1A-A60C-90DB0569CBA5}.AppStore|iPhoneSimulator.Build.0 = Release|Any CPU
		{2DADF150-B7B7-4D1A-A60C-90DB0569CBA5}.AppStore|iPhoneSimulator.Deploy.0 = Release|Any CPU
		{2DADF150-B7B7-4D1A-A60C-90DB0569CBA5}.Debug|Any CPU.ActiveCfg = Debug|Any CPU
		{2DADF150-B7B7-4D1A-A60C-90DB0569CBA5}.Debug|Any CPU.Build.0 = Debug|Any CPU
		{2DADF150-B7B7-4D1A-A60C-90DB0569CBA5}.Debug|Any CPU.Deploy.0 = Debug|Any CPU
		{2DADF150-B7B7-4D1A-A60C-90DB0569CBA5}.Debug|iPhone.ActiveCfg = Debug|Any CPU
		{2DADF150-B7B7-4D1A-A60C-90DB0569CBA5}.Debug|iPhone.Build.0 = Debug|Any CPU
		{2DADF150-B7B7-4D1A-A60C-90DB0569CBA5}.Debug|iPhone.Deploy.0 = Debug|Any CPU
		{2DADF150-B7B7-4D1A-A60C-90DB0569CBA5}.Debug|iPhoneSimulator.ActiveCfg = Debug|Any CPU
		{2DADF150-B7B7-4D1A-A60C-90DB0569CBA5}.Debug|iPhoneSimulator.Build.0 = Debug|Any CPU
		{2DADF150-B7B7-4D1A-A60C-90DB0569CBA5}.Debug|iPhoneSimulator.Deploy.0 = Debug|Any CPU
		{2DADF150-B7B7-4D1A-A60C-90DB0569CBA5}.Release|Any CPU.ActiveCfg = Release|Any CPU
		{2DADF150-B7B7-4D1A-A60C-90DB0569CBA5}.Release|Any CPU.Build.0 = Release|Any CPU
		{2DADF150-B7B7-4D1A-A60C-90DB0569CBA5}.Release|Any CPU.Deploy.0 = Release|Any CPU
		{2DADF150-B7B7-4D1A-A60C-90DB0569CBA5}.Release|iPhone.ActiveCfg = Release|Any CPU
		{2DADF150-B7B7-4D1A-A60C-90DB0569CBA5}.Release|iPhone.Build.0 = Release|Any CPU
		{2DADF150-B7B7-4D1A-A60C-90DB0569CBA5}.Release|iPhone.Deploy.0 = Release|Any CPU
		{2DADF150-B7B7-4D1A-A60C-90DB0569CBA5}.Release|iPhoneSimulator.ActiveCfg = Release|Any CPU
		{2DADF150-B7B7-4D1A-A60C-90DB0569CBA5}.Release|iPhoneSimulator.Build.0 = Release|Any CPU
		{2DADF150-B7B7-4D1A-A60C-90DB0569CBA5}.Release|iPhoneSimulator.Deploy.0 = Release|Any CPU
		{E2BC7CCB-6724-4338-B04B-9C8A5E4C6A68}.Ad-Hoc|Any CPU.ActiveCfg = Ad-Hoc|iPhone
		{E2BC7CCB-6724-4338-B04B-9C8A5E4C6A68}.Ad-Hoc|Any CPU.Build.0 = Ad-Hoc|iPhone
		{E2BC7CCB-6724-4338-B04B-9C8A5E4C6A68}.Ad-Hoc|Any CPU.Deploy.0 = Ad-Hoc|iPhone
		{E2BC7CCB-6724-4338-B04B-9C8A5E4C6A68}.Ad-Hoc|iPhone.ActiveCfg = Ad-Hoc|iPhone
		{E2BC7CCB-6724-4338-B04B-9C8A5E4C6A68}.Ad-Hoc|iPhone.Build.0 = Ad-Hoc|iPhone
		{E2BC7CCB-6724-4338-B04B-9C8A5E4C6A68}.Ad-Hoc|iPhone.Deploy.0 = Ad-Hoc|iPhone
		{E2BC7CCB-6724-4338-B04B-9C8A5E4C6A68}.Ad-Hoc|iPhoneSimulator.ActiveCfg = Ad-Hoc|iPhoneSimulator
		{E2BC7CCB-6724-4338-B04B-9C8A5E4C6A68}.Ad-Hoc|iPhoneSimulator.Build.0 = Ad-Hoc|iPhoneSimulator
		{E2BC7CCB-6724-4338-B04B-9C8A5E4C6A68}.Ad-Hoc|iPhoneSimulator.Deploy.0 = Ad-Hoc|iPhoneSimulator
		{E2BC7CCB-6724-4338-B04B-9C8A5E4C6A68}.AppStore|Any CPU.ActiveCfg = AppStore|iPhone
		{E2BC7CCB-6724-4338-B04B-9C8A5E4C6A68}.AppStore|Any CPU.Build.0 = AppStore|iPhone
		{E2BC7CCB-6724-4338-B04B-9C8A5E4C6A68}.AppStore|Any CPU.Deploy.0 = AppStore|iPhone
		{E2BC7CCB-6724-4338-B04B-9C8A5E4C6A68}.AppStore|iPhone.ActiveCfg = AppStore|iPhone
		{E2BC7CCB-6724-4338-B04B-9C8A5E4C6A68}.AppStore|iPhone.Build.0 = AppStore|iPhone
		{E2BC7CCB-6724-4338-B04B-9C8A5E4C6A68}.AppStore|iPhone.Deploy.0 = AppStore|iPhone
		{E2BC7CCB-6724-4338-B04B-9C8A5E4C6A68}.AppStore|iPhoneSimulator.ActiveCfg = AppStore|iPhoneSimulator
		{E2BC7CCB-6724-4338-B04B-9C8A5E4C6A68}.AppStore|iPhoneSimulator.Build.0 = AppStore|iPhoneSimulator
		{E2BC7CCB-6724-4338-B04B-9C8A5E4C6A68}.AppStore|iPhoneSimulator.Deploy.0 = AppStore|iPhoneSimulator
		{E2BC7CCB-6724-4338-B04B-9C8A5E4C6A68}.Debug|Any CPU.ActiveCfg = Debug|iPhoneSimulator
		{E2BC7CCB-6724-4338-B04B-9C8A5E4C6A68}.Debug|Any CPU.Build.0 = Debug|iPhoneSimulator
		{E2BC7CCB-6724-4338-B04B-9C8A5E4C6A68}.Debug|Any CPU.Deploy.0 = Debug|iPhoneSimulator
		{E2BC7CCB-6724-4338-B04B-9C8A5E4C6A68}.Debug|iPhone.ActiveCfg = Debug|iPhone
		{E2BC7CCB-6724-4338-B04B-9C8A5E4C6A68}.Debug|iPhone.Build.0 = Debug|iPhone
		{E2BC7CCB-6724-4338-B04B-9C8A5E4C6A68}.Debug|iPhone.Deploy.0 = Debug|iPhone
		{E2BC7CCB-6724-4338-B04B-9C8A5E4C6A68}.Debug|iPhoneSimulator.ActiveCfg = Debug|iPhoneSimulator
		{E2BC7CCB-6724-4338-B04B-9C8A5E4C6A68}.Debug|iPhoneSimulator.Build.0 = Debug|iPhoneSimulator
		{E2BC7CCB-6724-4338-B04B-9C8A5E4C6A68}.Debug|iPhoneSimulator.Deploy.0 = Debug|iPhoneSimulator
		{E2BC7CCB-6724-4338-B04B-9C8A5E4C6A68}.Release|Any CPU.ActiveCfg = Release|iPhone
		{E2BC7CCB-6724-4338-B04B-9C8A5E4C6A68}.Release|Any CPU.Build.0 = Release|iPhone
		{E2BC7CCB-6724-4338-B04B-9C8A5E4C6A68}.Release|Any CPU.Deploy.0 = Release|iPhone
		{E2BC7CCB-6724-4338-B04B-9C8A5E4C6A68}.Release|iPhone.ActiveCfg = Release|iPhone
		{E2BC7CCB-6724-4338-B04B-9C8A5E4C6A68}.Release|iPhone.Build.0 = Release|iPhone
		{E2BC7CCB-6724-4338-B04B-9C8A5E4C6A68}.Release|iPhone.Deploy.0 = Release|iPhone
		{E2BC7CCB-6724-4338-B04B-9C8A5E4C6A68}.Release|iPhoneSimulator.ActiveCfg = Release|iPhoneSimulator
		{E2BC7CCB-6724-4338-B04B-9C8A5E4C6A68}.Release|iPhoneSimulator.Build.0 = Release|iPhoneSimulator
		{E2BC7CCB-6724-4338-B04B-9C8A5E4C6A68}.Release|iPhoneSimulator.Deploy.0 = Release|iPhoneSimulator
		{0C99B79C-4101-454F-8014-54CE14D868BE}.Ad-Hoc|Any CPU.ActiveCfg = Debug|Any CPU
		{0C99B79C-4101-454F-8014-54CE14D868BE}.Ad-Hoc|Any CPU.Build.0 = Debug|Any CPU
		{0C99B79C-4101-454F-8014-54CE14D868BE}.Ad-Hoc|Any CPU.Deploy.0 = Debug|Any CPU
		{0C99B79C-4101-454F-8014-54CE14D868BE}.Ad-Hoc|iPhone.ActiveCfg = Debug|Any CPU
		{0C99B79C-4101-454F-8014-54CE14D868BE}.Ad-Hoc|iPhone.Build.0 = Debug|Any CPU
		{0C99B79C-4101-454F-8014-54CE14D868BE}.Ad-Hoc|iPhone.Deploy.0 = Debug|Any CPU
		{0C99B79C-4101-454F-8014-54CE14D868BE}.Ad-Hoc|iPhoneSimulator.ActiveCfg = Debug|Any CPU
		{0C99B79C-4101-454F-8014-54CE14D868BE}.Ad-Hoc|iPhoneSimulator.Build.0 = Debug|Any CPU
		{0C99B79C-4101-454F-8014-54CE14D868BE}.Ad-Hoc|iPhoneSimulator.Deploy.0 = Debug|Any CPU
		{0C99B79C-4101-454F-8014-54CE14D868BE}.AppStore|Any CPU.ActiveCfg = Debug|Any CPU
		{0C99B79C-4101-454F-8014-54CE14D868BE}.AppStore|Any CPU.Build.0 = Debug|Any CPU
		{0C99B79C-4101-454F-8014-54CE14D868BE}.AppStore|Any CPU.Deploy.0 = Debug|Any CPU
		{0C99B79C-4101-454F-8014-54CE14D868BE}.AppStore|iPhone.ActiveCfg = Debug|Any CPU
		{0C99B79C-4101-454F-8014-54CE14D868BE}.AppStore|iPhone.Build.0 = Debug|Any CPU
		{0C99B79C-4101-454F-8014-54CE14D868BE}.AppStore|iPhone.Deploy.0 = Debug|Any CPU
		{0C99B79C-4101-454F-8014-54CE14D868BE}.AppStore|iPhoneSimulator.ActiveCfg = Debug|Any CPU
		{0C99B79C-4101-454F-8014-54CE14D868BE}.AppStore|iPhoneSimulator.Build.0 = Debug|Any CPU
		{0C99B79C-4101-454F-8014-54CE14D868BE}.AppStore|iPhoneSimulator.Deploy.0 = Debug|Any CPU
		{0C99B79C-4101-454F-8014-54CE14D868BE}.Debug|Any CPU.ActiveCfg = Debug|Any CPU
		{0C99B79C-4101-454F-8014-54CE14D868BE}.Debug|Any CPU.Build.0 = Debug|Any CPU
		{0C99B79C-4101-454F-8014-54CE14D868BE}.Debug|Any CPU.Deploy.0 = Debug|Any CPU
		{0C99B79C-4101-454F-8014-54CE14D868BE}.Debug|iPhone.ActiveCfg = Debug|Any CPU
		{0C99B79C-4101-454F-8014-54CE14D868BE}.Debug|iPhone.Build.0 = Debug|Any CPU
		{0C99B79C-4101-454F-8014-54CE14D868BE}.Debug|iPhone.Deploy.0 = Debug|Any CPU
		{0C99B79C-4101-454F-8014-54CE14D868BE}.Debug|iPhoneSimulator.ActiveCfg = Debug|Any CPU
		{0C99B79C-4101-454F-8014-54CE14D868BE}.Debug|iPhoneSimulator.Build.0 = Debug|Any CPU
		{0C99B79C-4101-454F-8014-54CE14D868BE}.Debug|iPhoneSimulator.Deploy.0 = Debug|Any CPU
		{0C99B79C-4101-454F-8014-54CE14D868BE}.Release|Any CPU.ActiveCfg = Release|Any CPU
		{0C99B79C-4101-454F-8014-54CE14D868BE}.Release|Any CPU.Build.0 = Release|Any CPU
		{0C99B79C-4101-454F-8014-54CE14D868BE}.Release|Any CPU.Deploy.0 = Release|Any CPU
		{0C99B79C-4101-454F-8014-54CE14D868BE}.Release|iPhone.ActiveCfg = Release|Any CPU
		{0C99B79C-4101-454F-8014-54CE14D868BE}.Release|iPhone.Build.0 = Release|Any CPU
		{0C99B79C-4101-454F-8014-54CE14D868BE}.Release|iPhone.Deploy.0 = Release|Any CPU
		{0C99B79C-4101-454F-8014-54CE14D868BE}.Release|iPhoneSimulator.ActiveCfg = Release|Any CPU
		{0C99B79C-4101-454F-8014-54CE14D868BE}.Release|iPhoneSimulator.Build.0 = Release|Any CPU
		{0C99B79C-4101-454F-8014-54CE14D868BE}.Release|iPhoneSimulator.Deploy.0 = Release|Any CPU
	EndGlobalSection
	GlobalSection(SolutionProperties) = preSolution
		HideSolutionNode = FALSE
	EndGlobalSection
	GlobalSection(ExtensibilityGlobals) = postSolution
		SolutionGuid = {B0B0C35C-4EEF-4028-A546-7B34C3518A7F}
	EndGlobalSection
EndGlobal
